
Microsoft Visual Studio Solution File, Format Version 12.00
# Visual Studio Version 17
VisualStudioVersion = 17.4.33213.308
MinimumVisualStudioVersion = 10.0.40219.1
Project("{9A19103F-16F7-4668-BE54-9A1E7A4F7556}") = "Marketify.Domain", "Core\Marketify.Domain\Marketify.Domain.csproj", "{382881D8-D02C-4599-95C7-E6112CB01AF7}"
EndProject
Project("{2150E333-8FDC-42A3-9474-1A3956D46DE8}") = "Core", "Core", "{6D9E586E-C7A8-4500-9852-7F8394A35205}"
EndProject
Project("{FAE04EC0-301F-11D3-BF4B-00C04F79EFBC}") = "Marketify.Application", "Core\Marketify.Application\Marketify.Application.csproj", "{12D69032-C3A3-4239-AC1D-0F10F39783D5}"
EndProject
Project("{2150E333-8FDC-42A3-9474-1A3956D46DE8}") = "Infrastructure", "Infrastructure", "{B519111B-5A52-405D-A5F1-4C58687C010D}"
EndProject
Project("{FAE04EC0-301F-11D3-BF4B-00C04F79EFBC}") = "Marketify.Infrastructure", "Infrastructure\Marketify.Infrastructure\Marketify.Infrastructure.csproj", "{46550E72-AD07-4B48-83BC-39F86809F19D}"
EndProject
Project("{FAE04EC0-301F-11D3-BF4B-00C04F79EFBC}") = "Marketify.Persistence", "Infrastructure\Marketify.Persistence\Marketify.Persistence.csproj", "{BDCDDBAE-43BF-4701-81EF-C51BEE75560A}"
EndProject
Project("{2150E333-8FDC-42A3-9474-1A3956D46DE8}") = "Presentation", "Presentation", "{A7A1541D-2870-40EB-8EB2-4BA19B27BB42}"
EndProject
Project("{FAE04EC0-301F-11D3-BF4B-00C04F79EFBC}") = "Marketify.API", "Presentation\Marketify.API\Marketify.API.csproj", "{80EA182D-9E1A-4A40-854A-54A1758E9AF3}"
EndProject
Global
	GlobalSection(SolutionConfigurationPlatforms) = preSolution
		Debug|Any CPU = Debug|Any CPU
		Release|Any CPU = Release|Any CPU
	EndGlobalSection
	GlobalSection(ProjectConfigurationPlatforms) = postSolution
		{382881D8-D02C-4599-95C7-E6112CB01AF7}.Debug|Any CPU.ActiveCfg = Debug|Any CPU
		{382881D8-D02C-4599-95C7-E6112CB01AF7}.Debug|Any CPU.Build.0 = Debug|Any CPU
		{382881D8-D02C-4599-95C7-E6112CB01AF7}.Release|Any CPU.ActiveCfg = Release|Any CPU
		{382881D8-D02C-4599-95C7-E6112CB01AF7}.Release|Any CPU.Build.0 = Release|Any CPU
		{12D69032-C3A3-4239-AC1D-0F10F39783D5}.Debug|Any CPU.ActiveCfg = Debug|Any CPU
		{12D69032-C3A3-4239-AC1D-0F10F39783D5}.Debug|Any CPU.Build.0 = Debug|Any CPU
		{12D69032-C3A3-4239-AC1D-0F10F39783D5}.Release|Any CPU.ActiveCfg = Release|Any CPU
		{12D69032-C3A3-4239-AC1D-0F10F39783D5}.Release|Any CPU.Build.0 = Release|Any CPU
		{46550E72-AD07-4B48-83BC-39F86809F19D}.Debug|Any CPU.ActiveCfg = Debug|Any CPU
		{46550E72-AD07-4B48-83BC-39F86809F19D}.Debug|Any CPU.Build.0 = Debug|Any CPU
		{46550E72-AD07-4B48-83BC-39F86809F19D}.Release|Any CPU.ActiveCfg = Release|Any CPU
		{46550E72-AD07-4B48-83BC-39F86809F19D}.Release|Any CPU.Build.0 = Release|Any CPU
		{BDCDDBAE-43BF-4701-81EF-C51BEE75560A}.Debug|Any CPU.ActiveCfg = Debug|Any CPU
		{BDCDDBAE-43BF-4701-81EF-C51BEE75560A}.Debug|Any CPU.Build.0 = Debug|Any CPU
		{BDCDDBAE-43BF-4701-81EF-C51BEE75560A}.Release|Any CPU.ActiveCfg = Release|Any CPU
		{BDCDDBAE-43BF-4701-81EF-C51BEE75560A}.Release|Any CPU.Build.0 = Release|Any CPU
		{80EA182D-9E1A-4A40-854A-54A1758E9AF3}.Debug|Any CPU.ActiveCfg = Debug|Any CPU
		{80EA182D-9E1A-4A40-854A-54A1758E9AF3}.Debug|Any CPU.Build.0 = Debug|Any CPU
		{80EA182D-9E1A-4A40-854A-54A1758E9AF3}.Release|Any CPU.ActiveCfg = Release|Any CPU
		{80EA182D-9E1A-4A40-854A-54A1758E9AF3}.Release|Any CPU.Build.0 = Release|Any CPU
	EndGlobalSection
	GlobalSection(SolutionProperties) = preSolution
		HideSolutionNode = FALSE
	EndGlobalSection
	GlobalSection(NestedProjects) = preSolution
		{382881D8-D02C-4599-95C7-E6112CB01AF7} = {6D9E586E-C7A8-4500-9852-7F8394A35205}
		{12D69032-C3A3-4239-AC1D-0F10F39783D5} = {6D9E586E-C7A8-4500-9852-7F8394A35205}
		{46550E72-AD07-4B48-83BC-39F86809F19D} = {B519111B-5A52-405D-A5F1-4C58687C010D}
		{BDCDDBAE-43BF-4701-81EF-C51BEE75560A} = {B519111B-5A52-405D-A5F1-4C58687C010D}
		{80EA182D-9E1A-4A40-854A-54A1758E9AF3} = {A7A1541D-2870-40EB-8EB2-4BA19B27BB42}
	EndGlobalSection
	GlobalSection(ExtensibilityGlobals) = postSolution
		SolutionGuid = {3082A9EF-3EC4-47CD-A240-A71F85FB9F53}
	EndGlobalSection
EndGlobal
