
Microsoft Visual Studio Solution File, Format Version 12.00
# Visual Studio Version 17
VisualStudioVersion = 17.4.33213.308
MinimumVisualStudioVersion = 10.0.40219.1
Project("{FAE04EC0-301F-11D3-BF4B-00C04F79EFBC}") = "MarketifyBackend", "MarketifyBackend.csproj", "{AE5D6046-55AD-4C9C-8F1A-1D4A5E059147}"
EndProject
Global
	GlobalSection(SolutionConfigurationPlatforms) = preSolution
		Debug|Any CPU = Debug|Any CPU
		Release|Any CPU = Release|Any CPU
	EndGlobalSection
	GlobalSection(ProjectConfigurationPlatforms) = postSolution
		{AE5D6046-55AD-4C9C-8F1A-1D4A5E059147}.Debug|Any CPU.ActiveCfg = Debug|Any CPU
		{AE5D6046-55AD-4C9C-8F1A-1D4A5E059147}.Debug|Any CPU.Build.0 = Debug|Any CPU
		{AE5D6046-55AD-4C9C-8F1A-1D4A5E059147}.Release|Any CPU.ActiveCfg = Release|Any CPU
		{AE5D6046-55AD-4C9C-8F1A-1D4A5E059147}.Release|Any CPU.Build.0 = Release|Any CPU
	EndGlobalSection
	GlobalSection(SolutionProperties) = preSolution
		HideSolutionNode = FALSE
	EndGlobalSection
	GlobalSection(ExtensibilityGlobals) = postSolution
		SolutionGuid = {AB1486E2-E612-41B0-93E8-A2C5265A5CF3}
	EndGlobalSection
EndGlobal
